{
  "name": "rulegen-ai",
  "version": "1.1.1",
  "lockfileVersion": 3,
  "requires": true,
  "packages": {
    "": {
      "name": "rulegen-ai",
      "version": "1.1.1",
      "license": "MIT",
      "bin": {
        "rule-gen": "bin/rule-gen.js",
        "rulegen-ai": "bin/rule-gen.js"
      },
      "engines": {
        "node": ">=18"
      }
    }
  }
}
